{
  "name": "@evomind-ai/cli",
  "version": "0.3.0",
  "lockfileVersion": 3,
  "requires": true,
  "packages": {
    "": {
      "name": "@evomind-ai/cli",
      "version": "0.3.0",
      "cpu": [
        "x64"
      ],
      "license": "UNLICENSED",
      "os": [
        "win32"
      ],
      "bin": {
        "evomind": "bin/evomind.mjs"
      },
      "engines": {
        "node": ">=20.9.0",
        "npm": ">=10.0.0"
      }
    }
  }
}
